// !$*UTF8*$!
{
	archiveVersion = 1;
	classes = {
	};
	objectVersion = 50;
	objects = {

/* Begin PBXBuildFile section */
		111BFA78227DD2EF0052D546 /* ConfigViewController.swift in Sources */ = {isa = PBXBuildFile; fileRef = 111BFA77227DD2EF0052D546 /* ConfigViewController.swift */; };
		111BFA7A227DD35D0052D546 /* NSPreferenceController.swift in Sources */ = {isa = PBXBuildFile; fileRef = 111BFA79227DD35D0052D546 /* NSPreferenceController.swift */; };
		111D6BA32273503800E74D6B /* AppDelegate.swift in Sources */ = {isa = PBXBuildFile; fileRef = 111D6BA22273503800E74D6B /* AppDelegate.swift */; };
		111D6BA52273503A00E74D6B /* Assets.xcassets in Resources */ = {isa = PBXBuildFile; fileRef = 111D6BA42273503A00E74D6B /* Assets.xcassets */; };
		1145683822885BAE00B21311 /* KeyCodes.swift in Sources */ = {isa = PBXBuildFile; fileRef = 1145683722885BAE00B21311 /* KeyCodes.swift */; };
		115B254722A91F0300CB4E9F /* .gitignore in Resources */ = {isa = PBXBuildFile; fileRef = 115B254622A91F0300CB4E9F /* .gitignore */; };
		115B254922A9238C00CB4E9F /* README.md in Resources */ = {isa = PBXBuildFile; fileRef = 115B254822A9238C00CB4E9F /* README.md */; };
		11609A0B22789A2700CE2C7D /* KCGWindow.swift in Sources */ = {isa = PBXBuildFile; fileRef = 11609A0A22789A2700CE2C7D /* KCGWindow.swift */; };
		11609A0D2278B04600CE2C7D /* AXUIElement.swift in Sources */ = {isa = PBXBuildFile; fileRef = 11609A0C2278B04600CE2C7D /* AXUIElement.swift */; };
		11609A0F2278B34800CE2C7D /* FullWindow.swift in Sources */ = {isa = PBXBuildFile; fileRef = 11609A0E2278B34800CE2C7D /* FullWindow.swift */; };
		11609A112278FEBF00CE2C7D /* Shadow.swift in Sources */ = {isa = PBXBuildFile; fileRef = 11609A102278FEBF00CE2C7D /* Shadow.swift */; };
		11609A142279947F00CE2C7D /* icon.svg in Resources */ = {isa = PBXBuildFile; fileRef = 11609A132279947F00CE2C7D /* icon.svg */; };
		11609A162279949300CE2C7D /* KeyHandler.swift in Sources */ = {isa = PBXBuildFile; fileRef = 11609A152279949300CE2C7D /* KeyHandler.swift */; };
		11609A18227B3C4400CE2C7D /* ComboBox.swift in Sources */ = {isa = PBXBuildFile; fileRef = 11609A17227B3C4400CE2C7D /* ComboBox.swift */; };
		11609A1A227B4D0B00CE2C7D /* PreferencesStore.swift in Sources */ = {isa = PBXBuildFile; fileRef = 11609A19227B4D0B00CE2C7D /* PreferencesStore.swift */; };
		11609A1C227B9F6000CE2C7D /* PreferencesDefaults.swift in Sources */ = {isa = PBXBuildFile; fileRef = 11609A1B227B9F6000CE2C7D /* PreferencesDefaults.swift */; };
		11609A1E227BA0C600CE2C7D /* NSView.swift in Sources */ = {isa = PBXBuildFile; fileRef = 11609A1D227BA0C600CE2C7D /* NSView.swift */; };
		11609A20227BA2E600CE2C7D /* PreferencesCell.swift in Sources */ = {isa = PBXBuildFile; fileRef = 11609A1F227BA2E600CE2C7D /* PreferencesCell.swift */; };
		11AB012622A94BDB00225C6D /* config_prefs.png in Resources */ = {isa = PBXBuildFile; fileRef = 11AB012322A94BDB00225C6D /* config_prefs.png */; };
		11AB012722A94BDB00225C6D /* example.png in Resources */ = {isa = PBXBuildFile; fileRef = 11AB012422A94BDB00225C6D /* example.png */; };
		11AB012822A94BDB00225C6D /* style_prefs.png in Resources */ = {isa = PBXBuildFile; fileRef = 11AB012522A94BDB00225C6D /* style_prefs.png */; };
		11C6EAB622738E14005B396D /* main.swift in Sources */ = {isa = PBXBuildFile; fileRef = 11C6EAB522738E14005B396D /* main.swift */; };
		11C6EAB82274719D005B396D /* StyleViewController.swift in Sources */ = {isa = PBXBuildFile; fileRef = 11C6EAB72274719D005B396D /* StyleViewController.swift */; };
		11C6EABA227475E2005B396D /* SwitcherViewController.swift in Sources */ = {isa = PBXBuildFile; fileRef = 11C6EAB9227475E2005B396D /* SwitcherViewController.swift */; };
		11C6EABC22747BC3005B396D /* SwitcherWindow.swift in Sources */ = {isa = PBXBuildFile; fileRef = 11C6EABB22747BC3005B396D /* SwitcherWindow.swift */; };
		11C6EABE22747F94005B396D /* NSLabel.swift in Sources */ = {isa = PBXBuildFile; fileRef = 11C6EABD22747F94005B396D /* NSLabel.swift */; };
		11C6EAC022748CA7005B396D /* ResizingView.swift in Sources */ = {isa = PBXBuildFile; fileRef = 11C6EABF22748CA7005B396D /* ResizingView.swift */; };
		11C6EAC22274B19A005B396D /* Screen.md in Resources */ = {isa = PBXBuildFile; fileRef = 11C6EAC12274B19A005B396D /* Screen.md */; };
		11C6EAC52274BAC1005B396D /* ApplicationsOrdered.c in Sources */ = {isa = PBXBuildFile; fileRef = 11C6EAC42274BAC1005B396D /* ApplicationsOrdered.c */; };
		11C6EAC92275D502005B396D /* MenuBar.swift in Sources */ = {isa = PBXBuildFile; fileRef = 11C6EAC82275D502005B396D /* MenuBar.swift */; };
		11C6EACB2275DB13005B396D /* icon.png in Resources */ = {isa = PBXBuildFile; fileRef = 11C6EACA2275DB12005B396D /* icon.png */; };
		11C6EACD2275E6B9005B396D /* PreferenceController.swift in Sources */ = {isa = PBXBuildFile; fileRef = 11C6EACC2275E6B9005B396D /* PreferenceController.swift */; };
		11C7C63F2276304900AB05E8 /* Podfile in Resources */ = {isa = PBXBuildFile; fileRef = 11C7C63E2276304900AB05E8 /* Podfile */; };
		310618361DCBFF2EB9F2B169 /* Pods_quickswitcher.framework in Frameworks */ = {isa = PBXBuildFile; fileRef = 3534628BFEA4DCC10A8414E3 /* Pods_quickswitcher.framework */; };
/* End PBXBuildFile section */

/* Begin PBXFileReference section */
		111BFA77227DD2EF0052D546 /* ConfigViewController.swift */ = {isa = PBXFileReference; lastKnownFileType = sourcecode.swift; path = ConfigViewController.swift; sourceTree = "<group>"; };
		111BFA79227DD35D0052D546 /* NSPreferenceController.swift */ = {isa = PBXFileReference; lastKnownFileType = sourcecode.swift; path = NSPreferenceController.swift; sourceTree = "<group>"; };
		111BFA7F2280BCCA0052D546 /* clickDock.scpt */ = {isa = PBXFileReference; lastKnownFileType = file; path = clickDock.scpt; sourceTree = "<group>"; };
		111D6B9F2273503800E74D6B /* QuickSwitcher.app */ = {isa = PBXFileReference; explicitFileType = wrapper.application; includeInIndex = 0; path = QuickSwitcher.app; sourceTree = BUILT_PRODUCTS_DIR; };
		111D6BA22273503800E74D6B /* AppDelegate.swift */ = {isa = PBXFileReference; lastKnownFileType = sourcecode.swift; path = AppDelegate.swift; sourceTree = "<group>"; };
		111D6BA42273503A00E74D6B /* Assets.xcassets */ = {isa = PBXFileReference; lastKnownFileType = folder.assetcatalog; path = Assets.xcassets; sourceTree = "<group>"; };
		111D6BA92273503A00E74D6B /* Info.plist */ = {isa = PBXFileReference; lastKnownFileType = text.plist.xml; path = Info.plist; sourceTree = "<group>"; };
		111D6BAA2273503A00E74D6B /* quickswitcher.entitlements */ = {isa = PBXFileReference; lastKnownFileType = text.plist.entitlements; path = quickswitcher.entitlements; sourceTree = "<group>"; };
		1145683722885BAE00B21311 /* KeyCodes.swift */ = {isa = PBXFileReference; lastKnownFileType = sourcecode.swift; path = KeyCodes.swift; sourceTree = "<group>"; };
		115B254622A91F0300CB4E9F /* .gitignore */ = {isa = PBXFileReference; fileEncoding = 4; lastKnownFileType = text; path = .gitignore; sourceTree = "<group>"; };
		115B254822A9238C00CB4E9F /* README.md */ = {isa = PBXFileReference; fileEncoding = 4; lastKnownFileType = net.daringfireball.markdown; path = README.md; sourceTree = "<group>"; };
		11609A0A22789A2700CE2C7D /* KCGWindow.swift */ = {isa = PBXFileReference; lastKnownFileType = sourcecode.swift; path = KCGWindow.swift; sourceTree = "<group>"; };
		11609A0C2278B04600CE2C7D /* AXUIElement.swift */ = {isa = PBXFileReference; lastKnownFileType = sourcecode.swift; path = AXUIElement.swift; sourceTree = "<group>"; };
		11609A0E2278B34800CE2C7D /* FullWindow.swift */ = {isa = PBXFileReference; lastKnownFileType = sourcecode.swift; path = FullWindow.swift; sourceTree = "<group>"; };
		11609A102278FEBF00CE2C7D /* Shadow.swift */ = {isa = PBXFileReference; lastKnownFileType = sourcecode.swift; path = Shadow.swift; sourceTree = "<group>"; };
		11609A132279947F00CE2C7D /* icon.svg */ = {isa = PBXFileReference; fileEncoding = 4; lastKnownFileType = text.xml; name = icon.svg; path = Sources/quickswitcher/icon.svg; sourceTree = SOURCE_ROOT; };
		11609A152279949300CE2C7D /* KeyHandler.swift */ = {isa = PBXFileReference; lastKnownFileType = sourcecode.swift; path = KeyHandler.swift; sourceTree = "<group>"; };
		11609A17227B3C4400CE2C7D /* ComboBox.swift */ = {isa = PBXFileReference; lastKnownFileType = sourcecode.swift; path = ComboBox.swift; sourceTree = "<group>"; };
		11609A19227B4D0B00CE2C7D /* PreferencesStore.swift */ = {isa = PBXFileReference; lastKnownFileType = sourcecode.swift; path = PreferencesStore.swift; sourceTree = "<group>"; };
		11609A1B227B9F6000CE2C7D /* PreferencesDefaults.swift */ = {isa = PBXFileReference; lastKnownFileType = sourcecode.swift; path = PreferencesDefaults.swift; sourceTree = "<group>"; };
		11609A1D227BA0C600CE2C7D /* NSView.swift */ = {isa = PBXFileReference; lastKnownFileType = sourcecode.swift; path = NSView.swift; sourceTree = "<group>"; };
		11609A1F227BA2E600CE2C7D /* PreferencesCell.swift */ = {isa = PBXFileReference; lastKnownFileType = sourcecode.swift; path = PreferencesCell.swift; sourceTree = "<group>"; };
		11AB012322A94BDB00225C6D /* config_prefs.png */ = {isa = PBXFileReference; lastKnownFileType = image.png; path = config_prefs.png; sourceTree = "<group>"; };
		11AB012422A94BDB00225C6D /* example.png */ = {isa = PBXFileReference; lastKnownFileType = image.png; path = example.png; sourceTree = "<group>"; };
		11AB012522A94BDB00225C6D /* style_prefs.png */ = {isa = PBXFileReference; lastKnownFileType = image.png; path = style_prefs.png; sourceTree = "<group>"; };
		11C6EAB522738E14005B396D /* main.swift */ = {isa = PBXFileReference; lastKnownFileType = sourcecode.swift; path = main.swift; sourceTree = "<group>"; };
		11C6EAB72274719D005B396D /* StyleViewController.swift */ = {isa = PBXFileReference; lastKnownFileType = sourcecode.swift; path = StyleViewController.swift; sourceTree = "<group>"; };
		11C6EAB9227475E2005B396D /* SwitcherViewController.swift */ = {isa = PBXFileReference; lastKnownFileType = sourcecode.swift; path = SwitcherViewController.swift; sourceTree = "<group>"; };
		11C6EABB22747BC3005B396D /* SwitcherWindow.swift */ = {isa = PBXFileReference; lastKnownFileType = sourcecode.swift; path = SwitcherWindow.swift; sourceTree = "<group>"; };
		11C6EABD22747F94005B396D /* NSLabel.swift */ = {isa = PBXFileReference; lastKnownFileType = sourcecode.swift; path = NSLabel.swift; sourceTree = "<group>"; };
		11C6EABF22748CA7005B396D /* ResizingView.swift */ = {isa = PBXFileReference; lastKnownFileType = sourcecode.swift; path = ResizingView.swift; sourceTree = "<group>"; };
		11C6EAC12274B19A005B396D /* Screen.md */ = {isa = PBXFileReference; lastKnownFileType = net.daringfireball.markdown; path = Screen.md; sourceTree = "<group>"; };
		11C6EAC32274BAC0005B396D /* quickswitcher-Bridging-Header.h */ = {isa = PBXFileReference; lastKnownFileType = sourcecode.c.h; path = "quickswitcher-Bridging-Header.h"; sourceTree = "<group>"; };
		11C6EAC42274BAC1005B396D /* ApplicationsOrdered.c */ = {isa = PBXFileReference; lastKnownFileType = sourcecode.c.c; path = ApplicationsOrdered.c; sourceTree = "<group>"; };
		11C6EAC62274BB1A005B396D /* ApplicationsOrdered.h */ = {isa = PBXFileReference; lastKnownFileType = sourcecode.c.h; path = ApplicationsOrdered.h; sourceTree = "<group>"; };
		11C6EAC82275D502005B396D /* MenuBar.swift */ = {isa = PBXFileReference; lastKnownFileType = sourcecode.swift; path = MenuBar.swift; sourceTree = "<group>"; };
		11C6EACA2275DB12005B396D /* icon.png */ = {isa = PBXFileReference; lastKnownFileType = image.png; path = icon.png; sourceTree = "<group>"; };
		11C6EACC2275E6B9005B396D /* PreferenceController.swift */ = {isa = PBXFileReference; lastKnownFileType = sourcecode.swift; path = PreferenceController.swift; sourceTree = "<group>"; };
		11C7C63E2276304900AB05E8 /* Podfile */ = {isa = PBXFileReference; lastKnownFileType = text; name = Podfile; path = ../../Podfile; sourceTree = "<group>"; xcLanguageSpecificationIdentifier = xcode.lang.ruby; };
		3534628BFEA4DCC10A8414E3 /* Pods_quickswitcher.framework */ = {isa = PBXFileReference; explicitFileType = wrapper.framework; includeInIndex = 0; path = Pods_quickswitcher.framework; sourceTree = BUILT_PRODUCTS_DIR; };
		C327580D43C86B20C5DC1736 /* Pods-quickswitcher.debug.xcconfig */ = {isa = PBXFileReference; includeInIndex = 1; lastKnownFileType = text.xcconfig; name = "Pods-quickswitcher.debug.xcconfig"; path = "Pods/Target Support Files/Pods-quickswitcher/Pods-quickswitcher.debug.xcconfig"; sourceTree = "<group>"; };
		FB366ECD36C5FC179666EF4E /* Pods-quickswitcher.release.xcconfig */ = {isa = PBXFileReference; includeInIndex = 1; lastKnownFileType = text.xcconfig; name = "Pods-quickswitcher.release.xcconfig"; path = "Pods/Target Support Files/Pods-quickswitcher/Pods-quickswitcher.release.xcconfig"; sourceTree = "<group>"; };
/* End PBXFileReference section */

/* Begin PBXFrameworksBuildPhase section */
		111D6B9C2273503800E74D6B /* Frameworks */ = {
			isa = PBXFrameworksBuildPhase;
			buildActionMask = 2147483647;
			files = (
				310618361DCBFF2EB9F2B169 /* Pods_quickswitcher.framework in Frameworks */,
			);
			runOnlyForDeploymentPostprocessing = 0;
		};
/* End PBXFrameworksBuildPhase section */

/* Begin PBXGroup section */
		111BFA7B227DD3660052D546 /* UI */ = {
			isa = PBXGroup;
			children = (
				11609A17227B3C4400CE2C7D /* ComboBox.swift */,
				11609A1F227BA2E600CE2C7D /* PreferencesCell.swift */,
			);
			path = UI;
			sourceTree = "<group>";
		};
		111BFA7C227DD3900052D546 /* Data */ = {
			isa = PBXGroup;
			children = (
				11C6EAC82275D502005B396D /* MenuBar.swift */,
				11609A1B227B9F6000CE2C7D /* PreferencesDefaults.swift */,
				11609A19227B4D0B00CE2C7D /* PreferencesStore.swift */,
			);
			path = Data;
			sourceTree = "<group>";
		};
		111BFA7D227F03E00052D546 /* External */ = {
			isa = PBXGroup;
			children = (
				111BFA7E227F03E90052D546 /* Preferences */,
			);
			path = External;
			sourceTree = "<group>";
		};
		111BFA7E227F03E90052D546 /* Preferences */ = {
			isa = PBXGroup;
			children = (
				111BFA79227DD35D0052D546 /* NSPreferenceController.swift */,
			);
			path = Preferences;
			sourceTree = "<group>";
		};
		111D6B962273503800E74D6B = {
			isa = PBXGroup;
			children = (
				11AB012222A94BBF00225C6D /* readme */,
				115B254822A9238C00CB4E9F /* README.md */,
				115B254622A91F0300CB4E9F /* .gitignore */,
				11C6EAC12274B19A005B396D /* Screen.md */,
				111D6BA12273503800E74D6B /* quickswitcher */,
				111D6BA02273503800E74D6B /* Products */,
				C13414416641E6F9C261BD78 /* Pods */,
				853DA981A6E084B1A5DB2A18 /* Frameworks */,
			);
			sourceTree = "<group>";
		};
		111D6BA02273503800E74D6B /* Products */ = {
			isa = PBXGroup;
			children = (
				111D6B9F2273503800E74D6B /* QuickSwitcher.app */,
			);
			name = Products;
			sourceTree = "<group>";
		};
		111D6BA12273503800E74D6B /* quickswitcher */ = {
			isa = PBXGroup;
			children = (
				111BFA7D227F03E00052D546 /* External */,
				11609A122279945800CE2C7D /* Assets */,
				111D6BA42273503A00E74D6B /* Assets.xcassets */,
				11609A0922789A1400CE2C7D /* Helpers */,
				11C6EACF2275E6CA005B396D /* Switcher */,
				11C6EACE2275E6C0005B396D /* Preferences */,
				11C6EAC72274BC1B005B396D /* ApplicationsOrdered */,
				11C6EAB522738E14005B396D /* main.swift */,
				111D6BA22273503800E74D6B /* AppDelegate.swift */,
				11609A152279949300CE2C7D /* KeyHandler.swift */,
				11C6EAC32274BAC0005B396D /* quickswitcher-Bridging-Header.h */,
				111D6BA92273503A00E74D6B /* Info.plist */,
				111D6BAA2273503A00E74D6B /* quickswitcher.entitlements */,
				11C7C63E2276304900AB05E8 /* Podfile */,
			);
			name = quickswitcher;
			path = Sources/quickswitcher;
			sourceTree = "<group>";
		};
		11609A0922789A1400CE2C7D /* Helpers */ = {
			isa = PBXGroup;
			children = (
				11C6EABD22747F94005B396D /* NSLabel.swift */,
				11C6EABF22748CA7005B396D /* ResizingView.swift */,
				11609A0A22789A2700CE2C7D /* KCGWindow.swift */,
				11609A0C2278B04600CE2C7D /* AXUIElement.swift */,
				11609A0E2278B34800CE2C7D /* FullWindow.swift */,
				11609A102278FEBF00CE2C7D /* Shadow.swift */,
				11609A1D227BA0C600CE2C7D /* NSView.swift */,
				1145683722885BAE00B21311 /* KeyCodes.swift */,
			);
			path = Helpers;
			sourceTree = "<group>";
		};
		11609A122279945800CE2C7D /* Assets */ = {
			isa = PBXGroup;
			children = (
				111BFA7F2280BCCA0052D546 /* clickDock.scpt */,
				11609A132279947F00CE2C7D /* icon.svg */,
				11C6EACA2275DB12005B396D /* icon.png */,
			);
			path = Assets;
			sourceTree = "<group>";
		};
		11AB012222A94BBF00225C6D /* readme */ = {
			isa = PBXGroup;
			children = (
				11AB012522A94BDB00225C6D /* style_prefs.png */,
				11AB012322A94BDB00225C6D /* config_prefs.png */,
				11AB012422A94BDB00225C6D /* example.png */,
			);
			path = readme;
			sourceTree = "<group>";
		};
		11C6EAC72274BC1B005B396D /* ApplicationsOrdered */ = {
			isa = PBXGroup;
			children = (
				11C6EAC42274BAC1005B396D /* ApplicationsOrdered.c */,
				11C6EAC62274BB1A005B396D /* ApplicationsOrdered.h */,
			);
			path = ApplicationsOrdered;
			sourceTree = "<group>";
		};
		11C6EACE2275E6C0005B396D /* Preferences */ = {
			isa = PBXGroup;
			children = (
				11C6EAB72274719D005B396D /* StyleViewController.swift */,
				111BFA77227DD2EF0052D546 /* ConfigViewController.swift */,
				11C6EACC2275E6B9005B396D /* PreferenceController.swift */,
				111BFA7C227DD3900052D546 /* Data */,
				111BFA7B227DD3660052D546 /* UI */,
			);
			path = Preferences;
			sourceTree = "<group>";
		};
		11C6EACF2275E6CA005B396D /* Switcher */ = {
			isa = PBXGroup;
			children = (
				11C6EAB9227475E2005B396D /* SwitcherViewController.swift */,
				11C6EABB22747BC3005B396D /* SwitcherWindow.swift */,
			);
			path = Switcher;
			sourceTree = "<group>";
		};
		853DA981A6E084B1A5DB2A18 /* Frameworks */ = {
			isa = PBXGroup;
			children = (
				3534628BFEA4DCC10A8414E3 /* Pods_quickswitcher.framework */,
			);
			name = Frameworks;
			sourceTree = "<group>";
		};
		C13414416641E6F9C261BD78 /* Pods */ = {
			isa = PBXGroup;
			children = (
				C327580D43C86B20C5DC1736 /* Pods-quickswitcher.debug.xcconfig */,
				FB366ECD36C5FC179666EF4E /* Pods-quickswitcher.release.xcconfig */,
			);
			name = Pods;
			sourceTree = "<group>";
		};
/* End PBXGroup section */

/* Begin PBXNativeTarget section */
		111D6B9E2273503800E74D6B /* quickswitcher */ = {
			isa = PBXNativeTarget;
			buildConfigurationList = 111D6BAD2273503A00E74D6B /* Build configuration list for PBXNativeTarget "quickswitcher" */;
			buildPhases = (
				E6E38B0E1DDE44973E8F3EEA /* [CP] Check Pods Manifest.lock */,
				111D6B9B2273503800E74D6B /* Sources */,
				111D6B9C2273503800E74D6B /* Frameworks */,
				111D6B9D2273503800E74D6B /* Resources */,
				53E84CD1F68C5ADD6C248382 /* [CP] Embed Pods Frameworks */,
			);
			buildRules = (
			);
			dependencies = (
			);
			name = quickswitcher;
			productName = quickswitcher;
			productReference = 111D6B9F2273503800E74D6B /* QuickSwitcher.app */;
			productType = "com.apple.product-type.application";
		};
/* End PBXNativeTarget section */

/* Begin PBXProject section */
		111D6B972273503800E74D6B /* Project object */ = {
			isa = PBXProject;
			attributes = {
				LastSwiftUpdateCheck = 1020;
				LastUpgradeCheck = 1020;
				ORGANIZATIONNAME = "Björn Friedrichs";
				TargetAttributes = {
					111D6B9E2273503800E74D6B = {
						CreatedOnToolsVersion = 10.2;
						LastSwiftMigration = 1020;
					};
				};
			};
			buildConfigurationList = 111D6B9A2273503800E74D6B /* Build configuration list for PBXProject "quickswitcher" */;
			compatibilityVersion = "Xcode 9.3";
			developmentRegion = en;
			hasScannedForEncodings = 0;
			knownRegions = (
				en,
				Base,
			);
			mainGroup = 111D6B962273503800E74D6B;
			productRefGroup = 111D6BA02273503800E74D6B /* Products */;
			projectDirPath = "";
			projectRoot = "";
			targets = (
				111D6B9E2273503800E74D6B /* quickswitcher */,
			);
		};
/* End PBXProject section */

/* Begin PBXResourcesBuildPhase section */
		111D6B9D2273503800E74D6B /* Resources */ = {
			isa = PBXResourcesBuildPhase;
			buildActionMask = 2147483647;
			files = (
				11C6EAC22274B19A005B396D /* Screen.md in Resources */,
				11AB012622A94BDB00225C6D /* config_prefs.png in Resources */,
				11AB012822A94BDB00225C6D /* style_prefs.png in Resources */,
				111D6BA52273503A00E74D6B /* Assets.xcassets in Resources */,
				11609A142279947F00CE2C7D /* icon.svg in Resources */,
				115B254922A9238C00CB4E9F /* README.md in Resources */,
				11AB012722A94BDB00225C6D /* example.png in Resources */,
				11C7C63F2276304900AB05E8 /* Podfile in Resources */,
				115B254722A91F0300CB4E9F /* .gitignore in Resources */,
				11C6EACB2275DB13005B396D /* icon.png in Resources */,
			);
			runOnlyForDeploymentPostprocessing = 0;
		};
/* End PBXResourcesBuildPhase section */

/* Begin PBXShellScriptBuildPhase section */
		53E84CD1F68C5ADD6C248382 /* [CP] Embed Pods Frameworks */ = {
			isa = PBXShellScriptBuildPhase;
			buildActionMask = 2147483647;
			files = (
			);
			inputFileListPaths = (
			);
			inputPaths = (
				"${SRCROOT}/Pods/Target Support Files/Pods-quickswitcher/Pods-quickswitcher-frameworks.sh",
				"${BUILT_PRODUCTS_DIR}/AXSwift/AXSwift.framework",
			);
			name = "[CP] Embed Pods Frameworks";
			outputFileListPaths = (
			);
			outputPaths = (
				"${TARGET_BUILD_DIR}/${FRAMEWORKS_FOLDER_PATH}/AXSwift.framework",
			);
			runOnlyForDeploymentPostprocessing = 0;
			shellPath = /bin/sh;
			shellScript = "\"${SRCROOT}/Pods/Target Support Files/Pods-quickswitcher/Pods-quickswitcher-frameworks.sh\"\n";
			showEnvVarsInLog = 0;
		};
		E6E38B0E1DDE44973E8F3EEA /* [CP] Check Pods Manifest.lock */ = {
			isa = PBXShellScriptBuildPhase;
			buildActionMask = 2147483647;
			files = (
			);
			inputFileListPaths = (
			);
			inputPaths = (
				"${PODS_PODFILE_DIR_PATH}/Podfile.lock",
				"${PODS_ROOT}/Manifest.lock",
			);
			name = "[CP] Check Pods Manifest.lock";
			outputFileListPaths = (
			);
			outputPaths = (
				"$(DERIVED_FILE_DIR)/Pods-quickswitcher-checkManifestLockResult.txt",
			);
			runOnlyForDeploymentPostprocessing = 0;
			shellPath = /bin/sh;
			shellScript = "diff \"${PODS_PODFILE_DIR_PATH}/Podfile.lock\" \"${PODS_ROOT}/Manifest.lock\" > /dev/null\nif [ $? != 0 ] ; then\n    # print error to STDERR\n    echo \"error: The sandbox is not in sync with the Podfile.lock. Run 'pod install' or update your CocoaPods installation.\" >&2\n    exit 1\nfi\n# This output is used by Xcode 'outputs' to avoid re-running this script phase.\necho \"SUCCESS\" > \"${SCRIPT_OUTPUT_FILE_0}\"\n";
			showEnvVarsInLog = 0;
		};
/* End PBXShellScriptBuildPhase section */

/* Begin PBXSourcesBuildPhase section */
		111D6B9B2273503800E74D6B /* Sources */ = {
			isa = PBXSourcesBuildPhase;
			buildActionMask = 2147483647;
			files = (
				11C6EAB622738E14005B396D /* main.swift in Sources */,
				111BFA78227DD2EF0052D546 /* ConfigViewController.swift in Sources */,
				11C6EAC022748CA7005B396D /* ResizingView.swift in Sources */,
				11609A18227B3C4400CE2C7D /* ComboBox.swift in Sources */,
				11C6EAC52274BAC1005B396D /* ApplicationsOrdered.c in Sources */,
				11C6EABC22747BC3005B396D /* SwitcherWindow.swift in Sources */,
				111D6BA32273503800E74D6B /* AppDelegate.swift in Sources */,
				11609A1C227B9F6000CE2C7D /* PreferencesDefaults.swift in Sources */,
				111BFA7A227DD35D0052D546 /* NSPreferenceController.swift in Sources */,
				11C6EAC92275D502005B396D /* MenuBar.swift in Sources */,
				11C6EACD2275E6B9005B396D /* PreferenceController.swift in Sources */,
				11609A1A227B4D0B00CE2C7D /* PreferencesStore.swift in Sources */,
				11609A112278FEBF00CE2C7D /* Shadow.swift in Sources */,
				11609A0F2278B34800CE2C7D /* FullWindow.swift in Sources */,
				11609A0B22789A2700CE2C7D /* KCGWindow.swift in Sources */,
				1145683822885BAE00B21311 /* KeyCodes.swift in Sources */,
				11C6EAB82274719D005B396D /* StyleViewController.swift in Sources */,
				11609A20227BA2E600CE2C7D /* PreferencesCell.swift in Sources */,
				11609A162279949300CE2C7D /* KeyHandler.swift in Sources */,
				11609A0D2278B04600CE2C7D /* AXUIElement.swift in Sources */,
				11C6EABA227475E2005B396D /* SwitcherViewController.swift in Sources */,
				11609A1E227BA0C600CE2C7D /* NSView.swift in Sources */,
				11C6EABE22747F94005B396D /* NSLabel.swift in Sources */,
			);
			runOnlyForDeploymentPostprocessing = 0;
		};
/* End PBXSourcesBuildPhase section */

/* Begin XCBuildConfiguration section */
		111D6BAB2273503A00E74D6B /* Debug */ = {
			isa = XCBuildConfiguration;
			buildSettings = {
				ALWAYS_SEARCH_USER_PATHS = NO;
				CLANG_ANALYZER_NONNULL = YES;
				CLANG_ANALYZER_NUMBER_OBJECT_CONVERSION = YES_AGGRESSIVE;
				CLANG_CXX_LANGUAGE_STANDARD = "gnu++14";
				CLANG_CXX_LIBRARY = "libc++";
				CLANG_ENABLE_MODULES = YES;
				CLANG_ENABLE_OBJC_ARC = YES;
				CLANG_ENABLE_OBJC_WEAK = YES;
				CLANG_WARN_BLOCK_CAPTURE_AUTORELEASING = YES;
				CLANG_WARN_BOOL_CONVERSION = YES;
				CLANG_WARN_COMMA = YES;
				CLANG_WARN_CONSTANT_CONVERSION = YES;
				CLANG_WARN_DEPRECATED_OBJC_IMPLEMENTATIONS = YES;
				CLANG_WARN_DIRECT_OBJC_ISA_USAGE = YES_ERROR;
				CLANG_WARN_DOCUMENTATION_COMMENTS = YES;
				CLANG_WARN_EMPTY_BODY = YES;
				CLANG_WARN_ENUM_CONVERSION = YES;
				CLANG_WARN_INFINITE_RECURSION = YES;
				CLANG_WARN_INT_CONVERSION = YES;
				CLANG_WARN_NON_LITERAL_NULL_CONVERSION = YES;
				CLANG_WARN_OBJC_IMPLICIT_RETAIN_SELF = YES;
				CLANG_WARN_OBJC_LITERAL_CONVERSION = YES;
				CLANG_WARN_OBJC_ROOT_CLASS = YES_ERROR;
				CLANG_WARN_RANGE_LOOP_ANALYSIS = YES;
				CLANG_WARN_STRICT_PROTOTYPES = YES;
				CLANG_WARN_SUSPICIOUS_MOVE = YES;
				CLANG_WARN_UNGUARDED_AVAILABILITY = YES_AGGRESSIVE;
				CLANG_WARN_UNREACHABLE_CODE = YES;
				CLANG_WARN__DUPLICATE_METHOD_MATCH = YES;
				CODE_SIGN_IDENTITY = "Mac Developer";
				COPY_PHASE_STRIP = NO;
				DEBUG_INFORMATION_FORMAT = dwarf;
				ENABLE_STRICT_OBJC_MSGSEND = YES;
				ENABLE_TESTABILITY = YES;
				GCC_C_LANGUAGE_STANDARD = gnu11;
				GCC_DYNAMIC_NO_PIC = NO;
				GCC_NO_COMMON_BLOCKS = YES;
				GCC_OPTIMIZATION_LEVEL = 0;
				GCC_PREPROCESSOR_DEFINITIONS = (
					"DEBUG=1",
					"$(inherited)",
				);
				GCC_WARN_64_TO_32_BIT_CONVERSION = YES;
				GCC_WARN_ABOUT_RETURN_TYPE = YES_ERROR;
				GCC_WARN_UNDECLARED_SELECTOR = YES;
				GCC_WARN_UNINITIALIZED_AUTOS = YES_AGGRESSIVE;
				GCC_WARN_UNUSED_FUNCTION = YES;
				GCC_WARN_UNUSED_VARIABLE = YES;
				MACOSX_DEPLOYMENT_TARGET = 10.14;
				MTL_ENABLE_DEBUG_INFO = INCLUDE_SOURCE;
				MTL_FAST_MATH = YES;
				ONLY_ACTIVE_ARCH = YES;
				SDKROOT = macosx;
				SWIFT_ACTIVE_COMPILATION_CONDITIONS = DEBUG;
				SWIFT_OPTIMIZATION_LEVEL = "-Onone";
			};
			name = Debug;
		};
		111D6BAC2273503A00E74D6B /* Release */ = {
			isa = XCBuildConfiguration;
			buildSettings = {
				ALWAYS_SEARCH_USER_PATHS = NO;
				CLANG_ANALYZER_NONNULL = YES;
				CLANG_ANALYZER_NUMBER_OBJECT_CONVERSION = YES_AGGRESSIVE;
				CLANG_CXX_LANGUAGE_STANDARD = "gnu++14";
				CLANG_CXX_LIBRARY = "libc++";
				CLANG_ENABLE_MODULES = YES;
				CLANG_ENABLE_OBJC_ARC = YES;
				CLANG_ENABLE_OBJC_WEAK = YES;
				CLANG_WARN_BLOCK_CAPTURE_AUTORELEASING = YES;
				CLANG_WARN_BOOL_CONVERSION = YES;
				CLANG_WARN_COMMA = YES;
				CLANG_WARN_CONSTANT_CONVERSION = YES;
				CLANG_WARN_DEPRECATED_OBJC_IMPLEMENTATIONS = YES;
				CLANG_WARN_DIRECT_OBJC_ISA_USAGE = YES_ERROR;
				CLANG_WARN_DOCUMENTATION_COMMENTS = YES;
				CLANG_WARN_EMPTY_BODY = YES;
				CLANG_WARN_ENUM_CONVERSION = YES;
				CLANG_WARN_INFINITE_RECURSION = YES;
				CLANG_WARN_INT_CONVERSION = YES;
				CLANG_WARN_NON_LITERAL_NULL_CONVERSION = YES;
				CLANG_WARN_OBJC_IMPLICIT_RETAIN_SELF = YES;
				CLANG_WARN_OBJC_LITERAL_CONVERSION = YES;
				CLANG_WARN_OBJC_ROOT_CLASS = YES_ERROR;
				CLANG_WARN_RANGE_LOOP_ANALYSIS = YES;
				CLANG_WARN_STRICT_PROTOTYPES = YES;
				CLANG_WARN_SUSPICIOUS_MOVE = YES;
				CLANG_WARN_UNGUARDED_AVAILABILITY = YES_AGGRESSIVE;
				CLANG_WARN_UNREACHABLE_CODE = YES;
				CLANG_WARN__DUPLICATE_METHOD_MATCH = YES;
				CODE_SIGN_IDENTITY = "Mac Developer";
				COPY_PHASE_STRIP = NO;
				DEBUG_INFORMATION_FORMAT = "dwarf-with-dsym";
				ENABLE_NS_ASSERTIONS = NO;
				ENABLE_STRICT_OBJC_MSGSEND = YES;
				GCC_C_LANGUAGE_STANDARD = gnu11;
				GCC_NO_COMMON_BLOCKS = YES;
				GCC_WARN_64_TO_32_BIT_CONVERSION = YES;
				GCC_WARN_ABOUT_RETURN_TYPE = YES_ERROR;
				GCC_WARN_UNDECLARED_SELECTOR = YES;
				GCC_WARN_UNINITIALIZED_AUTOS = YES_AGGRESSIVE;
				GCC_WARN_UNUSED_FUNCTION = YES;
				GCC_WARN_UNUSED_VARIABLE = YES;
				MACOSX_DEPLOYMENT_TARGET = 10.14;
				MTL_ENABLE_DEBUG_INFO = NO;
				MTL_FAST_MATH = YES;
				SDKROOT = macosx;
				SWIFT_COMPILATION_MODE = wholemodule;
				SWIFT_OPTIMIZATION_LEVEL = "-O";
			};
			name = Release;
		};
		111D6BAE2273503A00E74D6B /* Debug */ = {
			isa = XCBuildConfiguration;
			baseConfigurationReference = C327580D43C86B20C5DC1736 /* Pods-quickswitcher.debug.xcconfig */;
			buildSettings = {
				ASSETCATALOG_COMPILER_APPICON_NAME = AppIcon;
				CLANG_ENABLE_MODULES = YES;
				CODE_SIGN_ENTITLEMENTS = Sources/quickswitcher/quickswitcher.entitlements;
				CODE_SIGN_IDENTITY = "Mac Developer";
				CODE_SIGN_STYLE = Automatic;
				COMBINE_HIDPI_IMAGES = YES;
				DEVELOPMENT_TEAM = U8Q3Q7S4Y2;
				INFOPLIST_FILE = Sources/quickswitcher/Info.plist;
				LD_RUNPATH_SEARCH_PATHS = (
					"$(inherited)",
					"@executable_path/../Frameworks",
				);
				PRODUCT_BUNDLE_IDENTIFIER = "de.bjoern-friedrichs.quickswitcher";
				PRODUCT_NAME = QuickSwitcher;
				PROVISIONING_PROFILE_SPECIFIER = "";
				SWIFT_OBJC_BRIDGING_HEADER = "Sources/quickswitcher/quickswitcher-Bridging-Header.h";
				SWIFT_OPTIMIZATION_LEVEL = "-Onone";
				SWIFT_VERSION = 5.0;
			};
			name = Debug;
		};
		111D6BAF2273503A00E74D6B /* Release */ = {
			isa = XCBuildConfiguration;
			baseConfigurationReference = FB366ECD36C5FC179666EF4E /* Pods-quickswitcher.release.xcconfig */;
			buildSettings = {
				ASSETCATALOG_COMPILER_APPICON_NAME = AppIcon;
				CLANG_ENABLE_MODULES = YES;
				CODE_SIGN_ENTITLEMENTS = Sources/quickswitcher/quickswitcher.entitlements;
				CODE_SIGN_IDENTITY = "Mac Developer";
				CODE_SIGN_STYLE = Automatic;
				COMBINE_HIDPI_IMAGES = YES;
				DEVELOPMENT_TEAM = U8Q3Q7S4Y2;
				INFOPLIST_FILE = Sources/quickswitcher/Info.plist;
				LD_RUNPATH_SEARCH_PATHS = (
					"$(inherited)",
					"@executable_path/../Frameworks",
				);
				PRODUCT_BUNDLE_IDENTIFIER = "de.bjoern-friedrichs.quickswitcher";
				PRODUCT_NAME = QuickSwitcher;
				PROVISIONING_PROFILE_SPECIFIER = "";
				SWIFT_OBJC_BRIDGING_HEADER = "Sources/quickswitcher/quickswitcher-Bridging-Header.h";
				SWIFT_VERSION = 5.0;
			};
			name = Release;
		};
/* End XCBuildConfiguration section */

/* Begin XCConfigurationList section */
		111D6B9A2273503800E74D6B /* Build configuration list for PBXProject "quickswitcher" */ = {
			isa = XCConfigurationList;
			buildConfigurations = (
				111D6BAB2273503A00E74D6B /* Debug */,
				111D6BAC2273503A00E74D6B /* Release */,
			);
			defaultConfigurationIsVisible = 0;
			defaultConfigurationName = Release;
		};
		111D6BAD2273503A00E74D6B /* Build configuration list for PBXNativeTarget "quickswitcher" */ = {
			isa = XCConfigurationList;
			buildConfigurations = (
				111D6BAE2273503A00E74D6B /* Debug */,
				111D6BAF2273503A00E74D6B /* Release */,
			);
			defaultConfigurationIsVisible = 0;
			defaultConfigurationName = Release;
		};
/* End XCConfigurationList section */
	};
	rootObject = 111D6B972273503800E74D6B /* Project object */;
}
